
Microsoft Visual Studio Solution File, Format Version 12.00
# Visual Studio Version 17
VisualStudioVersion = 17.4.33213.308
MinimumVisualStudioVersion = 10.0.40219.1
Project("{FAE04EC0-301F-11D3-BF4B-00C04F79EFBC}") = "PatronVisitor", "PatronVisitor.csproj", "{5D79D25F-1832-4509-A091-F9CE22E5700B}"
EndProject
Global
	GlobalSection(SolutionConfigurationPlatforms) = preSolution
		Debug|Any CPU = Debug|Any CPU
		Release|Any CPU = Release|Any CPU
	EndGlobalSection
	GlobalSection(ProjectConfigurationPlatforms) = postSolution
		{5D79D25F-1832-4509-A091-F9CE22E5700B}.Debug|Any CPU.ActiveCfg = Debug|Any CPU
		{5D79D25F-1832-4509-A091-F9CE22E5700B}.Debug|Any CPU.Build.0 = Debug|Any CPU
		{5D79D25F-1832-4509-A091-F9CE22E5700B}.Release|Any CPU.ActiveCfg = Release|Any CPU
		{5D79D25F-1832-4509-A091-F9CE22E5700B}.Release|Any CPU.Build.0 = Release|Any CPU
	EndGlobalSection
	GlobalSection(SolutionProperties) = preSolution
		HideSolutionNode = FALSE
	EndGlobalSection
	GlobalSection(ExtensibilityGlobals) = postSolution
		SolutionGuid = {67D6244F-F5FC-4BAB-9296-A71F97182C89}
	EndGlobalSection
EndGlobal
